// !$*UTF8*$!
{
	archiveVersion = 1;
	classes = {
	};
	objectVersion = 46;
	objects = {

/* Begin PBXBuildFile section */
		133831381F915D90009861D4 /* AppDelegate.swift in Sources */ = {isa = PBXBuildFile; fileRef = 133831371F915D90009861D4 /* AppDelegate.swift */; };
		1338313D1F915D90009861D4 /* Main.storyboard in Resources */ = {isa = PBXBuildFile; fileRef = 1338313B1F915D90009861D4 /* Main.storyboard */; };
		1338313F1F915D90009861D4 /* Assets.xcassets in Resources */ = {isa = PBXBuildFile; fileRef = 1338313E1F915D90009861D4 /* Assets.xcassets */; };
		133831421F915D90009861D4 /* LaunchScreen.storyboard in Resources */ = {isa = PBXBuildFile; fileRef = 133831401F915D90009861D4 /* LaunchScreen.storyboard */; };
		1338314D1F915D90009861D4 /* My_First_Swift_AppTests.swift in Sources */ = {isa = PBXBuildFile; fileRef = 1338314C1F915D90009861D4 /* My_First_Swift_AppTests.swift */; };
		133831581F915D90009861D4 /* My_First_Swift_AppUITests.swift in Sources */ = {isa = PBXBuildFile; fileRef = 133831571F915D90009861D4 /* My_First_Swift_AppUITests.swift */; };
		133831681F916231009861D4 /* ViewController.swift in Sources */ = {isa = PBXBuildFile; fileRef = 133831391F915D90009861D4 /* ViewController.swift */; };
/* End PBXBuildFile section */

/* Begin PBXContainerItemProxy section */
		133831491F915D90009861D4 /* PBXContainerItemProxy */ = {
			isa = PBXContainerItemProxy;
			containerPortal = 1338312C1F915D90009861D4 /* Project object */;
			proxyType = 1;
			remoteGlobalIDString = 133831331F915D90009861D4;
			remoteInfo = "My First Swift App";
		};
		133831541F915D90009861D4 /* PBXContainerItemProxy */ = {
			isa = PBXContainerItemProxy;
			containerPortal = 1338312C1F915D90009861D4 /* Project object */;
			proxyType = 1;
			remoteGlobalIDString = 133831331F915D90009861D4;
			remoteInfo = "My First Swift App";
		};
/* End PBXContainerItemProxy section */

/* Begin PBXFileReference section */
		133831341F915D90009861D4 /* My First Swift App.app */ = {isa = PBXFileReference; explicitFileType = wrapper.application; includeInIndex = 0; path = "My First Swift App.app"; sourceTree = BUILT_PRODUCTS_DIR; };
		133831371F915D90009861D4 /* AppDelegate.swift */ = {isa = PBXFileReference; lastKnownFileType = sourcecode.swift; path = AppDelegate.swift; sourceTree = "<group>"; };
		133831391F915D90009861D4 /* ViewController.swift */ = {isa = PBXFileReference; lastKnownFileType = sourcecode.swift; path = ViewController.swift; sourceTree = "<group>"; };
		1338313C1F915D90009861D4 /* Base */ = {isa = PBXFileReference; lastKnownFileType = file.storyboard; name = Base; path = Base.lproj/Main.storyboard; sourceTree = "<group>"; };
		1338313E1F915D90009861D4 /* Assets.xcassets */ = {isa = PBXFileReference; lastKnownFileType = folder.assetcatalog; path = Assets.xcassets; sourceTree = "<group>"; };
		133831411F915D90009861D4 /* Base */ = {isa = PBXFileReference; lastKnownFileType = file.storyboard; name = Base; path = Base.lproj/LaunchScreen.storyboard; sourceTree = "<group>"; };
		133831431F915D90009861D4 /* Info.plist */ = {isa = PBXFileReference; lastKnownFileType = text.plist.xml; path = Info.plist; sourceTree = "<group>"; };
		133831481F915D90009861D4 /* My First Swift AppTests.xctest */ = {isa = PBXFileReference; explicitFileType = wrapper.cfbundle; includeInIndex = 0; path = "My First Swift AppTests.xctest"; sourceTree = BUILT_PRODUCTS_DIR; };
		1338314C1F915D90009861D4 /* My_First_Swift_AppTests.swift */ = {isa = PBXFileReference; lastKnownFileType = sourcecode.swift; path = My_First_Swift_AppTests.swift; sourceTree = "<group>"; };
		1338314E1F915D90009861D4 /* Info.plist */ = {isa = PBXFileReference; lastKnownFileType = text.plist.xml; path = Info.plist; sourceTree = "<group>"; };
		133831531F915D90009861D4 /* My First Swift AppUITests.xctest */ = {isa = PBXFileReference; explicitFileType = wrapper.cfbundle; includeInIndex = 0; path = "My First Swift AppUITests.xctest"; sourceTree = BUILT_PRODUCTS_DIR; };
		133831571F915D90009861D4 /* My_First_Swift_AppUITests.swift */ = {isa = PBXFileReference; lastKnownFileType = sourcecode.swift; path = My_First_Swift_AppUITests.swift; sourceTree = "<group>"; };
		133831591F915D90009861D4 /* Info.plist */ = {isa = PBXFileReference; lastKnownFileType = text.plist.xml; path = Info.plist; sourceTree = "<group>"; };
/* End PBXFileReference section */

/* Begin PBXFrameworksBuildPhase section */
		133831311F915D90009861D4 /* Frameworks */ = {
			isa = PBXFrameworksBuildPhase;
			buildActionMask = 2147483647;
			files = (
			);
			runOnlyForDeploymentPostprocessing = 0;
		};
		133831451F915D90009861D4 /* Frameworks */ = {
			isa = PBXFrameworksBuildPhase;
			buildActionMask = 2147483647;
			files = (
			);
			runOnlyForDeploymentPostprocessing = 0;
		};
		133831501F915D90009861D4 /* Frameworks */ = {
			isa = PBXFrameworksBuildPhase;
			buildActionMask = 2147483647;
			files = (
			);
			runOnlyForDeploymentPostprocessing = 0;
		};
/* End PBXFrameworksBuildPhase section */

/* Begin PBXGroup section */
		1338312B1F915D90009861D4 = {
			isa = PBXGroup;
			children = (
				133831361F915D90009861D4 /* My First Swift App */,
				1338314B1F915D90009861D4 /* My First Swift AppTests */,
				133831561F915D90009861D4 /* My First Swift AppUITests */,
				133831351F915D90009861D4 /* Products */,
			);
			sourceTree = "<group>";
		};
		133831351F915D90009861D4 /* Products */ = {
			isa = PBXGroup;
			children = (
				133831341F915D90009861D4 /* My First Swift App.app */,
				133831481F915D90009861D4 /* My First Swift AppTests.xctest */,
				133831531F915D90009861D4 /* My First Swift AppUITests.xctest */,
			);
			name = Products;
			sourceTree = "<group>";
		};
		133831361F915D90009861D4 /* My First Swift App */ = {
			isa = PBXGroup;
			children = (
				133831371F915D90009861D4 /* AppDelegate.swift */,
				133831391F915D90009861D4 /* ViewController.swift */,
				1338313B1F915D90009861D4 /* Main.storyboard */,
				1338313E1F915D90009861D4 /* Assets.xcassets */,
				133831401F915D90009861D4 /* LaunchScreen.storyboard */,
				133831431F915D90009861D4 /* Info.plist */,
			);
			path = "My First Swift App";
			sourceTree = "<group>";
		};
		1338314B1F915D90009861D4 /* My First Swift AppTests */ = {
			isa = PBXGroup;
			children = (
				1338314C1F915D90009861D4 /* My_First_Swift_AppTests.swift */,
				1338314E1F915D90009861D4 /* Info.plist */,
			);
			path = "My First Swift AppTests";
			sourceTree = "<group>";
		};
		133831561F915D90009861D4 /* My First Swift AppUITests */ = {
			isa = PBXGroup;
			children = (
				133831571F915D90009861D4 /* My_First_Swift_AppUITests.swift */,
				133831591F915D90009861D4 /* Info.plist */,
			);
			path = "My First Swift AppUITests";
			sourceTree = "<group>";
		};
/* End PBXGroup section */

/* Begin PBXNativeTarget section */
		133831331F915D90009861D4 /* My First Swift App */ = {
			isa = PBXNativeTarget;
			buildConfigurationList = 1338315C1F915D90009861D4 /* Build configuration list for PBXNativeTarget "My First Swift App" */;
			buildPhases = (
				133831301F915D90009861D4 /* Sources */,
				133831311F915D90009861D4 /* Frameworks */,
				133831321F915D90009861D4 /* Resources */,
			);
			buildRules = (
			);
			dependencies = (
			);
			name = "My First Swift App";
			productName = "My First Swift App";
			productReference = 133831341F915D90009861D4 /* My First Swift App.app */;
			productType = "com.apple.product-type.application";
		};
		133831471F915D90009861D4 /* My First Swift AppTests */ = {
			isa = PBXNativeTarget;
			buildConfigurationList = 1338315F1F915D90009861D4 /* Build configuration list for PBXNativeTarget "My First Swift AppTests" */;
			buildPhases = (
				133831441F915D90009861D4 /* Sources */,
				133831451F915D90009861D4 /* Frameworks */,
				133831461F915D90009861D4 /* Resources */,
			);
			buildRules = (
			);
			dependencies = (
				1338314A1F915D90009861D4 /* PBXTargetDependency */,
			);
			name = "My First Swift AppTests";
			productName = "My First Swift AppTests";
			productReference = 133831481F915D90009861D4 /* My First Swift AppTests.xctest */;
			productType = "com.apple.product-type.bundle.unit-test";
		};
		133831521F915D90009861D4 /* My First Swift AppUITests */ = {
			isa = PBXNativeTarget;
			buildConfigurationList = 133831621F915D90009861D4 /* Build configuration list for PBXNativeTarget "My First Swift AppUITests" */;
			buildPhases = (
				1338314F1F915D90009861D4 /* Sources */,
				133831501F915D90009861D4 /* Frameworks */,
				133831511F915D90009861D4 /* Resources */,
			);
			buildRules = (
			);
			dependencies = (
				133831551F915D90009861D4 /* PBXTargetDependency */,
			);
			name = "My First Swift AppUITests";
			productName = "My First Swift AppUITests";
			productReference = 133831531F915D90009861D4 /* My First Swift AppUITests.xctest */;
			productType = "com.apple.product-type.bundle.ui-testing";
		};
/* End PBXNativeTarget section */

/* Begin PBXProject section */
		1338312C1F915D90009861D4 /* Project object */ = {
			isa = PBXProject;
			attributes = {
				LastSwiftUpdateCheck = 0830;
				LastUpgradeCheck = 0830;
				ORGANIZATIONNAME = "Jake Duncan";
				TargetAttributes = {
					133831331F915D90009861D4 = {
						CreatedOnToolsVersion = 8.3.3;
						DevelopmentTeam = Y6XC5542WE;
						ProvisioningStyle = Automatic;
					};
					133831471F915D90009861D4 = {
						CreatedOnToolsVersion = 8.3.3;
						ProvisioningStyle = Automatic;
						TestTargetID = 133831331F915D90009861D4;
					};
					133831521F915D90009861D4 = {
						CreatedOnToolsVersion = 8.3.3;
						ProvisioningStyle = Automatic;
						TestTargetID = 133831331F915D90009861D4;
					};
				};
			};
			buildConfigurationList = 1338312F1F915D90009861D4 /* Build configuration list for PBXProject "My First Swift App" */;
			compatibilityVersion = "Xcode 3.2";
			developmentRegion = English;
			hasScannedForEncodings = 0;
			knownRegions = (
				en,
				Base,
			);
			mainGroup = 1338312B1F915D90009861D4;
			productRefGroup = 133831351F915D90009861D4 /* Products */;
			projectDirPath = "";
			projectRoot = "";
			targets = (
				133831331F915D90009861D4 /* My First Swift App */,
				133831471F915D90009861D4 /* My First Swift AppTests */,
				133831521F915D90009861D4 /* My First Swift AppUITests */,
			);
		};
/* End PBXProject section */

/* Begin PBXResourcesBuildPhase section */
		133831321F915D90009861D4 /* Resources */ = {
			isa = PBXResourcesBuildPhase;
			buildActionMask = 2147483647;
			files = (
				133831421F915D90009861D4 /* LaunchScreen.storyboard in Resources */,
				1338313F1F915D90009861D4 /* Assets.xcassets in Resources */,
				1338313D1F915D90009861D4 /* Main.storyboard in Resources */,
			);
			runOnlyForDeploymentPostprocessing = 0;
		};
		133831461F915D90009861D4 /* Resources */ = {
			isa = PBXResourcesBuildPhase;
			buildActionMask = 2147483647;
			files = (
			);
			runOnlyForDeploymentPostprocessing = 0;
		};
		133831511F915D90009861D4 /* Resources */ = {
			isa = PBXResourcesBuildPhase;
			buildActionMask = 2147483647;
			files = (
			);
			runOnlyForDeploymentPostprocessing = 0;
		};
/* End PBXResourcesBuildPhase section */

/* Begin PBXSourcesBuildPhase section */
		133831301F915D90009861D4 /* Sources */ = {
			isa = PBXSourcesBuildPhase;
			buildActionMask = 2147483647;
			files = (
				133831681F916231009861D4 /* ViewController.swift in Sources */,
				133831381F915D90009861D4 /* AppDelegate.swift in Sources */,
			);
			runOnlyForDeploymentPostprocessing = 0;
		};
		133831441F915D90009861D4 /* Sources */ = {
			isa = PBXSourcesBuildPhase;
			buildActionMask = 2147483647;
			files = (
				1338314D1F915D90009861D4 /* My_First_Swift_AppTests.swift in Sources */,
			);
			runOnlyForDeploymentPostprocessing = 0;
		};
		1338314F1F915D90009861D4 /* Sources */ = {
			isa = PBXSourcesBuildPhase;
			buildActionMask = 2147483647;
			files = (
				133831581F915D90009861D4 /* My_First_Swift_AppUITests.swift in Sources */,
			);
			runOnlyForDeploymentPostprocessing = 0;
		};
/* End PBXSourcesBuildPhase section */

/* Begin PBXTargetDependency section */
		1338314A1F915D90009861D4 /* PBXTargetDependency */ = {
			isa = PBXTargetDependency;
			target = 133831331F915D90009861D4 /* My First Swift App */;
			targetProxy = 133831491F915D90009861D4 /* PBXContainerItemProxy */;
		};
		133831551F915D90009861D4 /* PBXTargetDependency */ = {
			isa = PBXTargetDependency;
			target = 133831331F915D90009861D4 /* My First Swift App */;
			targetProxy = 133831541F915D90009861D4 /* PBXContainerItemProxy */;
		};
/* End PBXTargetDependency section */

/* Begin PBXVariantGroup section */
		1338313B1F915D90009861D4 /* Main.storyboard */ = {
			isa = PBXVariantGroup;
			children = (
				1338313C1F915D90009861D4 /* Base */,
			);
			name = Main.storyboard;
			sourceTree = "<group>";
		};
		133831401F915D90009861D4 /* LaunchScreen.storyboard */ = {
			isa = PBXVariantGroup;
			children = (
				133831411F915D90009861D4 /* Base */,
			);
			name = LaunchScreen.storyboard;
			sourceTree = "<group>";
		};
/* End PBXVariantGroup section */

/* Begin XCBuildConfiguration section */
		1338315A1F915D90009861D4 /* Debug */ = {
			isa = XCBuildConfiguration;
			buildSettings = {
				ALWAYS_SEARCH_USER_PATHS = NO;
				CLANG_ANALYZER_NONNULL = YES;
				CLANG_ANALYZER_NUMBER_OBJECT_CONVERSION = YES_AGGRESSIVE;
				CLANG_CXX_LANGUAGE_STANDARD = "gnu++0x";
				CLANG_CXX_LIBRARY = "libc++";
				CLANG_ENABLE_MODULES = YES;
				CLANG_ENABLE_OBJC_ARC = YES;
				CLANG_WARN_BOOL_CONVERSION = YES;
				CLANG_WARN_CONSTANT_CONVERSION = YES;
				CLANG_WARN_DIRECT_OBJC_ISA_USAGE = YES_ERROR;
				CLANG_WARN_DOCUMENTATION_COMMENTS = YES;
				CLANG_WARN_EMPTY_BODY = YES;
				CLANG_WARN_ENUM_CONVERSION = YES;
				CLANG_WARN_INFINITE_RECURSION = YES;
				CLANG_WARN_INT_CONVERSION = YES;
				CLANG_WARN_OBJC_ROOT_CLASS = YES_ERROR;
				CLANG_WARN_SUSPICIOUS_MOVE = YES;
				CLANG_WARN_UNREACHABLE_CODE = YES;
				CLANG_WARN__DUPLICATE_METHOD_MATCH = YES;
				"CODE_SIGN_IDENTITY[sdk=iphoneos*]" = "iPhone Developer";
				COPY_PHASE_STRIP = NO;
				DEBUG_INFORMATION_FORMAT = dwarf;
				ENABLE_STRICT_OBJC_MSGSEND = YES;
				ENABLE_TESTABILITY = YES;
				GCC_C_LANGUAGE_STANDARD = gnu99;
				GCC_DYNAMIC_NO_PIC = NO;
				GCC_NO_COMMON_BLOCKS = YES;
				GCC_OPTIMIZATION_LEVEL = 0;
				GCC_PREPROCESSOR_DEFINITIONS = (
					"DEBUG=1",
					"$(inherited)",
				);
				GCC_WARN_64_TO_32_BIT_CONVERSION = YES;
				GCC_WARN_ABOUT_RETURN_TYPE = YES_ERROR;
				GCC_WARN_UNDECLARED_SELECTOR = YES;
				GCC_WARN_UNINITIALIZED_AUTOS = YES_AGGRESSIVE;
				GCC_WARN_UNUSED_FUNCTION = YES;
				GCC_WARN_UNUSED_VARIABLE = YES;
				IPHONEOS_DEPLOYMENT_TARGET = 10.3;
				MTL_ENABLE_DEBUG_INFO = YES;
				ONLY_ACTIVE_ARCH = YES;
				SDKROOT = iphoneos;
				SWIFT_ACTIVE_COMPILATION_CONDITIONS = DEBUG;
				SWIFT_OPTIMIZATION_LEVEL = "-Onone";
			};
			name = Debug;
		};
		1338315B1F915D90009861D4 /* Release */ = {
			isa = XCBuildConfiguration;
			buildSettings = {
				ALWAYS_SEARCH_USER_PATHS = NO;
				CLANG_ANALYZER_NONNULL = YES;
				CLANG_ANALYZER_NUMBER_OBJECT_CONVERSION = YES_AGGRESSIVE;
				CLANG_CXX_LANGUAGE_STANDARD = "gnu++0x";
				CLANG_CXX_LIBRARY = "libc++";
				CLANG_ENABLE_MODULES = YES;
				CLANG_ENABLE_OBJC_ARC = YES;
				CLANG_WARN_BOOL_CONVERSION = YES;
				CLANG_WARN_CONSTANT_CONVERSION = YES;
				CLANG_WARN_DIRECT_OBJC_ISA_USAGE = YES_ERROR;
				CLANG_WARN_DOCUMENTATION_COMMENTS = YES;
				CLANG_WARN_EMPTY_BODY = YES;
				CLANG_WARN_ENUM_CONVERSION = YES;
				CLANG_WARN_INFINITE_RECURSION = YES;
				CLANG_WARN_INT_CONVERSION = YES;
				CLANG_WARN_OBJC_ROOT_CLASS = YES_ERROR;
				CLANG_WARN_SUSPICIOUS_MOVE = YES;
				CLANG_WARN_UNREACHABLE_CODE = YES;
				CLANG_WARN__DUPLICATE_METHOD_MATCH = YES;
				"CODE_SIGN_IDENTITY[sdk=iphoneos*]" = "iPhone Developer";
				COPY_PHASE_STRIP = NO;
				DEBUG_INFORMATION_FORMAT = "dwarf-with-dsym";
				ENABLE_NS_ASSERTIONS = NO;
				ENABLE_STRICT_OBJC_MSGSEND = YES;
				GCC_C_LANGUAGE_STANDARD = gnu99;
				GCC_NO_COMMON_BLOCKS = YES;
				GCC_WARN_64_TO_32_BIT_CONVERSION = YES;
				GCC_WARN_ABOUT_RETURN_TYPE = YES_ERROR;
				GCC_WARN_UNDECLARED_SELECTOR = YES;
				GCC_WARN_UNINITIALIZED_AUTOS = YES_AGGRESSIVE;
				GCC_WARN_UNUSED_FUNCTION = YES;
				GCC_WARN_UNUSED_VARIABLE = YES;
				IPHONEOS_DEPLOYMENT_TARGET = 10.3;
				MTL_ENABLE_DEBUG_INFO = NO;
				SDKROOT = iphoneos;
				SWIFT_OPTIMIZATION_LEVEL = "-Owholemodule";
				VALIDATE_PRODUCT = YES;
			};
			name = Release;
		};
		1338315D1F915D90009861D4 /* Debug */ = {
			isa = XCBuildConfiguration;
			buildSettings = {
				ASSETCATALOG_COMPILER_APPICON_NAME = AppIcon;
				DEVELOPMENT_TEAM = Y6XC5542WE;
				INFOPLIST_FILE = "My First Swift App/Info.plist";
				LD_RUNPATH_SEARCH_PATHS = "$(inherited) @executable_path/Frameworks";
				PRODUCT_BUNDLE_IDENTIFIER = "fromspace.jake.My-First-Swift-App";
				PRODUCT_NAME = "$(TARGET_NAME)";
				SWIFT_VERSION = 3.0;
			};
			name = Debug;
		};
		1338315E1F915D90009861D4 /* Release */ = {
			isa = XCBuildConfiguration;
			buildSettings = {
				ASSETCATALOG_COMPILER_APPICON_NAME = AppIcon;
				DEVELOPMENT_TEAM = Y6XC5542WE;
				INFOPLIST_FILE = "My First Swift App/Info.plist";
				LD_RUNPATH_SEARCH_PATHS = "$(inherited) @executable_path/Frameworks";
				PRODUCT_BUNDLE_IDENTIFIER = "fromspace.jake.My-First-Swift-App";
				PRODUCT_NAME = "$(TARGET_NAME)";
				SWIFT_VERSION = 3.0;
			};
			name = Release;
		};
		133831601F915D90009861D4 /* Debug */ = {
			isa = XCBuildConfiguration;
			buildSettings = {
				ALWAYS_EMBED_SWIFT_STANDARD_LIBRARIES = YES;
				BUNDLE_LOADER = "$(TEST_HOST)";
				INFOPLIST_FILE = "My First Swift AppTests/Info.plist";
				LD_RUNPATH_SEARCH_PATHS = "$(inherited) @executable_path/Frameworks @loader_path/Frameworks";
				PRODUCT_BUNDLE_IDENTIFIER = "fromspace.jake.My-First-Swift-AppTests";
				PRODUCT_NAME = "$(TARGET_NAME)";
				SWIFT_VERSION = 3.0;
				TEST_HOST = "$(BUILT_PRODUCTS_DIR)/My First Swift App.app/My First Swift App";
			};
			name = Debug;
		};
		133831611F915D90009861D4 /* Release */ = {
			isa = XCBuildConfiguration;
			buildSettings = {
				ALWAYS_EMBED_SWIFT_STANDARD_LIBRARIES = YES;
				BUNDLE_LOADER = "$(TEST_HOST)";
				INFOPLIST_FILE = "My First Swift AppTests/Info.plist";
				LD_RUNPATH_SEARCH_PATHS = "$(inherited) @executable_path/Frameworks @loader_path/Frameworks";
				PRODUCT_BUNDLE_IDENTIFIER = "fromspace.jake.My-First-Swift-AppTests";
				PRODUCT_NAME = "$(TARGET_NAME)";
				SWIFT_VERSION = 3.0;
				TEST_HOST = "$(BUILT_PRODUCTS_DIR)/My First Swift App.app/My First Swift App";
			};
			name = Release;
		};
		133831631F915D90009861D4 /* Debug */ = {
			isa = XCBuildConfiguration;
			buildSettings = {
				ALWAYS_EMBED_SWIFT_STANDARD_LIBRARIES = YES;
				INFOPLIST_FILE = "My First Swift AppUITests/Info.plist";
				LD_RUNPATH_SEARCH_PATHS = "$(inherited) @executable_path/Frameworks @loader_path/Frameworks";
				PRODUCT_BUNDLE_IDENTIFIER = "fromspace.jake.My-First-Swift-AppUITests";
				PRODUCT_NAME = "$(TARGET_NAME)";
				SWIFT_VERSION = 3.0;
				TEST_TARGET_NAME = "My First Swift App";
			};
			name = Debug;
		};
		133831641F915D90009861D4 /* Release */ = {
			isa = XCBuildConfiguration;
			buildSettings = {
				ALWAYS_EMBED_SWIFT_STANDARD_LIBRARIES = YES;
				INFOPLIST_FILE = "My First Swift AppUITests/Info.plist";
				LD_RUNPATH_SEARCH_PATHS = "$(inherited) @executable_path/Frameworks @loader_path/Frameworks";
				PRODUCT_BUNDLE_IDENTIFIER = "fromspace.jake.My-First-Swift-AppUITests";
				PRODUCT_NAME = "$(TARGET_NAME)";
				SWIFT_VERSION = 3.0;
				TEST_TARGET_NAME = "My First Swift App";
			};
			name = Release;
		};
/* End XCBuildConfiguration section */

/* Begin XCConfigurationList section */
		1338312F1F915D90009861D4 /* Build configuration list for PBXProject "My First Swift App" */ = {
			isa = XCConfigurationList;
			buildConfigurations = (
				1338315A1F915D90009861D4 /* Debug */,
				1338315B1F915D90009861D4 /* Release */,
			);
			defaultConfigurationIsVisible = 0;
			defaultConfigurationName = Release;
		};
		1338315C1F915D90009861D4 /* Build configuration list for PBXNativeTarget "My First Swift App" */ = {
			isa = XCConfigurationList;
			buildConfigurations = (
				1338315D1F915D90009861D4 /* Debug */,
				1338315E1F915D90009861D4 /* Release */,
			);
			defaultConfigurationIsVisible = 0;
		};
		1338315F1F915D90009861D4 /* Build configuration list for PBXNativeTarget "My First Swift AppTests" */ = {
			isa = XCConfigurationList;
			buildConfigurations = (
				133831601F915D90009861D4 /* Debug */,
				133831611F915D90009861D4 /* Release */,
			);
			defaultConfigurationIsVisible = 0;
		};
		133831621F915D90009861D4 /* Build configuration list for PBXNativeTarget "My First Swift AppUITests" */ = {
			isa = XCConfigurationList;
			buildConfigurations = (
				133831631F915D90009861D4 /* Debug */,
				133831641F915D90009861D4 /* Release */,
			);
			defaultConfigurationIsVisible = 0;
		};
/* End XCConfigurationList section */
	};
	rootObject = 1338312C1F915D90009861D4 /* Project object */;
}
